
Microsoft Visual Studio Solution File, Format Version 12.00
# Visual Studio Version 16
VisualStudioVersion = 16.0.30001.183
MinimumVisualStudioVersion = 10.0.40219.1
Project("{FAE04EC0-301F-11D3-BF4B-00C04F79EFBC}") = "Text2Gif", "Text2Gif\Text2Gif.csproj", "{6FDC3957-8120-4EF2-B56C-DF29E7DF5074}"
EndProject
Global
	GlobalSection(SolutionConfigurationPlatforms) = preSolution
		Debug|Any CPU = Debug|Any CPU
		Release|Any CPU = Release|Any CPU
	EndGlobalSection
	GlobalSection(ProjectConfigurationPlatforms) = postSolution
		{6FDC3957-8120-4EF2-B56C-DF29E7DF5074}.Debug|Any CPU.ActiveCfg = Debug|Any CPU
		{6FDC3957-8120-4EF2-B56C-DF29E7DF5074}.Debug|Any CPU.Build.0 = Debug|Any CPU
		{6FDC3957-8120-4EF2-B56C-DF29E7DF5074}.Release|Any CPU.ActiveCfg = Release|Any CPU
		{6FDC3957-8120-4EF2-B56C-DF29E7DF5074}.Release|Any CPU.Build.0 = Release|Any CPU
	EndGlobalSection
	GlobalSection(SolutionProperties) = preSolution
		HideSolutionNode = FALSE
	EndGlobalSection
	GlobalSection(ExtensibilityGlobals) = postSolution
		SolutionGuid = {5487862F-D1D6-4259-B324-A25C065E81DF}
	EndGlobalSection
EndGlobal
